// !$*UTF8*$!
{
	archiveVersion = 1;
	classes = {
	};
	objectVersion = 56;
	objects = {

/* Begin PBXBuildFile section */
		870730292B9B556A002D5E1F /* TMDB_SwiftUIApp.swift in Sources */ = {isa = PBXBuildFile; fileRef = 870730282B9B556A002D5E1F /* TMDB_SwiftUIApp.swift */; };
		8707302B2B9B556A002D5E1F /* MoviesListViews.swift in Sources */ = {isa = PBXBuildFile; fileRef = 8707302A2B9B556A002D5E1F /* MoviesListViews.swift */; };
		8707302D2B9B556B002D5E1F /* Assets.xcassets in Resources */ = {isa = PBXBuildFile; fileRef = 8707302C2B9B556B002D5E1F /* Assets.xcassets */; };
		870730302B9B556B002D5E1F /* Preview Assets.xcassets in Resources */ = {isa = PBXBuildFile; fileRef = 8707302F2B9B556B002D5E1F /* Preview Assets.xcassets */; };
		8707303B2B9B55A3002D5E1F /* AppConstants.swift in Sources */ = {isa = PBXBuildFile; fileRef = 8707303A2B9B55A3002D5E1F /* AppConstants.swift */; };
		8707303D2B9B55B9002D5E1F /* AppStrings.swift in Sources */ = {isa = PBXBuildFile; fileRef = 8707303C2B9B55B9002D5E1F /* AppStrings.swift */; };
		870730402B9B565F002D5E1F /* Alamofire in Frameworks */ = {isa = PBXBuildFile; productRef = 8707303F2B9B565F002D5E1F /* Alamofire */; };
		870730422B9B565F002D5E1F /* AlamofireDynamic in Frameworks */ = {isa = PBXBuildFile; productRef = 870730412B9B565F002D5E1F /* AlamofireDynamic */; };
		870730462B9B56C9002D5E1F /* APIConstants.swift in Sources */ = {isa = PBXBuildFile; fileRef = 870730452B9B56C9002D5E1F /* APIConstants.swift */; };
		870730482B9B5742002D5E1F /* NetworkServiceProtocol.swift in Sources */ = {isa = PBXBuildFile; fileRef = 870730472B9B5742002D5E1F /* NetworkServiceProtocol.swift */; };
		8707304B2B9B5787002D5E1F /* Endpoint.swift in Sources */ = {isa = PBXBuildFile; fileRef = 8707304A2B9B5787002D5E1F /* Endpoint.swift */; };
		8707304D2B9B57B9002D5E1F /* AlamofireNetworkManager.swift in Sources */ = {isa = PBXBuildFile; fileRef = 8707304C2B9B57B9002D5E1F /* AlamofireNetworkManager.swift */; };
		870730512B9B58C8002D5E1F /* MovieDetailsView.swift in Sources */ = {isa = PBXBuildFile; fileRef = 870730502B9B58C8002D5E1F /* MovieDetailsView.swift */; };
		870730532B9B58D4002D5E1F /* MoviesListViewModel.swift in Sources */ = {isa = PBXBuildFile; fileRef = 870730522B9B58D4002D5E1F /* MoviesListViewModel.swift */; };
		870730552B9B58D9002D5E1F /* MovieDetailsViewModel.swift in Sources */ = {isa = PBXBuildFile; fileRef = 870730542B9B58D9002D5E1F /* MovieDetailsViewModel.swift */; };
		870730592B9B5C47002D5E1F /* MoviesEndpoint.swift in Sources */ = {isa = PBXBuildFile; fileRef = 870730582B9B5C47002D5E1F /* MoviesEndpoint.swift */; };
		870730612B9B5F8A002D5E1F /* PopularMovieResponse.swift in Sources */ = {isa = PBXBuildFile; fileRef = 870730602B9B5F8A002D5E1F /* PopularMovieResponse.swift */; };
		870730632B9B606B002D5E1F /* MovieDetailsResponse.swift in Sources */ = {isa = PBXBuildFile; fileRef = 870730622B9B606B002D5E1F /* MovieDetailsResponse.swift */; };
		870730652B9B6D33002D5E1F /* MoviesListInteractor.swift in Sources */ = {isa = PBXBuildFile; fileRef = 870730642B9B6D33002D5E1F /* MoviesListInteractor.swift */; };
		870730672B9B6D75002D5E1F /* MoviesListRepository.swift in Sources */ = {isa = PBXBuildFile; fileRef = 870730662B9B6D75002D5E1F /* MoviesListRepository.swift */; };
		8707306A2B9B6DBC002D5E1F /* DatabaseProtocol.swift in Sources */ = {isa = PBXBuildFile; fileRef = 870730692B9B6DBC002D5E1F /* DatabaseProtocol.swift */; };
		8707306C2B9B7060002D5E1F /* CoreDataManager.swift in Sources */ = {isa = PBXBuildFile; fileRef = 8707306B2B9B7060002D5E1F /* CoreDataManager.swift */; };
		8707306E2B9B7171002D5E1F /* PopularMovieCellView.swift in Sources */ = {isa = PBXBuildFile; fileRef = 8707306D2B9B7171002D5E1F /* PopularMovieCellView.swift */; };
		870730732B9B9239002D5E1F /* MovieDetailsInteractor.swift in Sources */ = {isa = PBXBuildFile; fileRef = 870730722B9B9239002D5E1F /* MovieDetailsInteractor.swift */; };
		870730752B9B9242002D5E1F /* MovieDetailsRepository.swift in Sources */ = {isa = PBXBuildFile; fileRef = 870730742B9B9242002D5E1F /* MovieDetailsRepository.swift */; };
		870730772B9B93DD002D5E1F /* ErrorView.swift in Sources */ = {isa = PBXBuildFile; fileRef = 870730762B9B93DD002D5E1F /* ErrorView.swift */; };
		8707307F2B9C9011002D5E1F /* Double.swift in Sources */ = {isa = PBXBuildFile; fileRef = 8707307E2B9C9011002D5E1F /* Double.swift */; };
		870730822B9C91BB002D5E1F /* CacheAsyncImage.swift in Sources */ = {isa = PBXBuildFile; fileRef = 870730812B9C91BB002D5E1F /* CacheAsyncImage.swift */; };
		870730852B9CA13F002D5E1F /* Reachability in Frameworks */ = {isa = PBXBuildFile; productRef = 870730842B9CA13F002D5E1F /* Reachability */; };
		870730872B9CA9CB002D5E1F /* ProductComapnyView.swift in Sources */ = {isa = PBXBuildFile; fileRef = 870730862B9CA9CB002D5E1F /* ProductComapnyView.swift */; };
		870730892B9CCC2B002D5E1F /* Reachability in Frameworks */ = {isa = PBXBuildFile; productRef = 870730882B9CCC2B002D5E1F /* Reachability */; };
		8798C3522B9CDA43005597D0 /* TMDB.xcdatamodeld in Sources */ = {isa = PBXBuildFile; fileRef = 8798C3502B9CDA43005597D0 /* TMDB.xcdatamodeld */; };
		8798C36E2B9CEFE4005597D0 /* Movie+CoreDataClass.swift in Sources */ = {isa = PBXBuildFile; fileRef = 8798C3662B9CEFE4005597D0 /* Movie+CoreDataClass.swift */; };
		8798C36F2B9CEFE4005597D0 /* Movie+CoreDataProperties.swift in Sources */ = {isa = PBXBuildFile; fileRef = 8798C3672B9CEFE4005597D0 /* Movie+CoreDataProperties.swift */; };
		8798C3702B9CEFE4005597D0 /* MovieDetailsResponse+CoreDataClass.swift in Sources */ = {isa = PBXBuildFile; fileRef = 8798C3682B9CEFE4005597D0 /* MovieDetailsResponse+CoreDataClass.swift */; };
		8798C3712B9CEFE4005597D0 /* MovieDetailsResponse+CoreDataProperties.swift in Sources */ = {isa = PBXBuildFile; fileRef = 8798C3692B9CEFE4005597D0 /* MovieDetailsResponse+CoreDataProperties.swift */; };
		8798C3722B9CEFE4005597D0 /* ProductionCompany+CoreDataClass.swift in Sources */ = {isa = PBXBuildFile; fileRef = 8798C36A2B9CEFE4005597D0 /* ProductionCompany+CoreDataClass.swift */; };
		8798C3732B9CEFE4005597D0 /* ProductionCompany+CoreDataProperties.swift in Sources */ = {isa = PBXBuildFile; fileRef = 8798C36B2B9CEFE4005597D0 /* ProductionCompany+CoreDataProperties.swift */; };
		8798C3742B9CEFE4005597D0 /* PopularMovieResponse+CoreDataClass.swift in Sources */ = {isa = PBXBuildFile; fileRef = 8798C36C2B9CEFE4005597D0 /* PopularMovieResponse+CoreDataClass.swift */; };
		8798C3752B9CEFE4005597D0 /* PopularMovieResponse+CoreDataProperties.swift in Sources */ = {isa = PBXBuildFile; fileRef = 8798C36D2B9CEFE4005597D0 /* PopularMovieResponse+CoreDataProperties.swift */; };
		8798C3782B9D0F20005597D0 /* NetworkErrors.swift in Sources */ = {isa = PBXBuildFile; fileRef = 8798C3772B9D0F20005597D0 /* NetworkErrors.swift */; };
		8798C37A2B9D0F3A005597D0 /* LocalizedNetworkErrors.swift in Sources */ = {isa = PBXBuildFile; fileRef = 8798C3792B9D0F3A005597D0 /* LocalizedNetworkErrors.swift */; };
		8798C37C2B9D14E8005597D0 /* LocalizedFetchingErrors.swift in Sources */ = {isa = PBXBuildFile; fileRef = 8798C37B2B9D14E8005597D0 /* LocalizedFetchingErrors.swift */; };
		8798C37E2B9D288C005597D0 /* NetworkMonitor.swift in Sources */ = {isa = PBXBuildFile; fileRef = 8798C37D2B9D288C005597D0 /* NetworkMonitor.swift */; };
		8798C38F2B9DC789005597D0 /* NetworkServiceTests.swift in Sources */ = {isa = PBXBuildFile; fileRef = 8798C38E2B9DC789005597D0 /* NetworkServiceTests.swift */; };
		8798C3922B9DCBAA005597D0 /* MockedNetworkService.swift in Sources */ = {isa = PBXBuildFile; fileRef = 8798C3912B9DCBAA005597D0 /* MockedNetworkService.swift */; };
		8798C3942B9DCBDC005597D0 /* TestEndpoint.swift in Sources */ = {isa = PBXBuildFile; fileRef = 8798C3932B9DCBDC005597D0 /* TestEndpoint.swift */; };
		8798C3962B9DCC67005597D0 /* MockedResponse.swift in Sources */ = {isa = PBXBuildFile; fileRef = 8798C3952B9DCC67005597D0 /* MockedResponse.swift */; };
		8798C39C2B9DCE39005597D0 /* DatabaseServiceTests.swift in Sources */ = {isa = PBXBuildFile; fileRef = 8798C39B2B9DCE39005597D0 /* DatabaseServiceTests.swift */; };
		8798C39E2B9DCE53005597D0 /* MockedDatabaseManager.swift in Sources */ = {isa = PBXBuildFile; fileRef = 8798C39D2B9DCE53005597D0 /* MockedDatabaseManager.swift */; };
/* End PBXBuildFile section */

/* Begin PBXContainerItemProxy section */
		8798C3872B9DC767005597D0 /* PBXContainerItemProxy */ = {
			isa = PBXContainerItemProxy;
			containerPortal = 8707301D2B9B556A002D5E1F /* Project object */;
			proxyType = 1;
			remoteGlobalIDString = 870730242B9B556A002D5E1F;
			remoteInfo = "TMDB-SwiftUI";
		};
/* End PBXContainerItemProxy section */

/* Begin PBXFileReference section */
		870730252B9B556A002D5E1F /* TMDB-SwiftUI.app */ = {isa = PBXFileReference; explicitFileType = wrapper.application; includeInIndex = 0; path = "TMDB-SwiftUI.app"; sourceTree = BUILT_PRODUCTS_DIR; };
		870730282B9B556A002D5E1F /* TMDB_SwiftUIApp.swift */ = {isa = PBXFileReference; lastKnownFileType = sourcecode.swift; path = TMDB_SwiftUIApp.swift; sourceTree = "<group>"; };
		8707302A2B9B556A002D5E1F /* MoviesListViews.swift */ = {isa = PBXFileReference; lastKnownFileType = sourcecode.swift; path = MoviesListViews.swift; sourceTree = "<group>"; };
		8707302C2B9B556B002D5E1F /* Assets.xcassets */ = {isa = PBXFileReference; lastKnownFileType = folder.assetcatalog; path = Assets.xcassets; sourceTree = "<group>"; };
		8707302F2B9B556B002D5E1F /* Preview Assets.xcassets */ = {isa = PBXFileReference; lastKnownFileType = folder.assetcatalog; path = "Preview Assets.xcassets"; sourceTree = "<group>"; };
		8707303A2B9B55A3002D5E1F /* AppConstants.swift */ = {isa = PBXFileReference; lastKnownFileType = sourcecode.swift; path = AppConstants.swift; sourceTree = "<group>"; };
		8707303C2B9B55B9002D5E1F /* AppStrings.swift */ = {isa = PBXFileReference; lastKnownFileType = sourcecode.swift; path = AppStrings.swift; sourceTree = "<group>"; };
		870730452B9B56C9002D5E1F /* APIConstants.swift */ = {isa = PBXFileReference; lastKnownFileType = sourcecode.swift; path = APIConstants.swift; sourceTree = "<group>"; };
		870730472B9B5742002D5E1F /* NetworkServiceProtocol.swift */ = {isa = PBXFileReference; lastKnownFileType = sourcecode.swift; path = NetworkServiceProtocol.swift; sourceTree = "<group>"; };
		8707304A2B9B5787002D5E1F /* Endpoint.swift */ = {isa = PBXFileReference; lastKnownFileType = sourcecode.swift; path = Endpoint.swift; sourceTree = "<group>"; };
		8707304C2B9B57B9002D5E1F /* AlamofireNetworkManager.swift */ = {isa = PBXFileReference; lastKnownFileType = sourcecode.swift; path = AlamofireNetworkManager.swift; sourceTree = "<group>"; };
		870730502B9B58C8002D5E1F /* MovieDetailsView.swift */ = {isa = PBXFileReference; lastKnownFileType = sourcecode.swift; path = MovieDetailsView.swift; sourceTree = "<group>"; };
		870730522B9B58D4002D5E1F /* MoviesListViewModel.swift */ = {isa = PBXFileReference; lastKnownFileType = sourcecode.swift; path = MoviesListViewModel.swift; sourceTree = "<group>"; };
		870730542B9B58D9002D5E1F /* MovieDetailsViewModel.swift */ = {isa = PBXFileReference; lastKnownFileType = sourcecode.swift; path = MovieDetailsViewModel.swift; sourceTree = "<group>"; };
		870730582B9B5C47002D5E1F /* MoviesEndpoint.swift */ = {isa = PBXFileReference; lastKnownFileType = sourcecode.swift; path = MoviesEndpoint.swift; sourceTree = "<group>"; };
		870730602B9B5F8A002D5E1F /* PopularMovieResponse.swift */ = {isa = PBXFileReference; lastKnownFileType = sourcecode.swift; path = PopularMovieResponse.swift; sourceTree = "<group>"; };
		870730622B9B606B002D5E1F /* MovieDetailsResponse.swift */ = {isa = PBXFileReference; lastKnownFileType = sourcecode.swift; path = MovieDetailsResponse.swift; sourceTree = "<group>"; };
		870730642B9B6D33002D5E1F /* MoviesListInteractor.swift */ = {isa = PBXFileReference; lastKnownFileType = sourcecode.swift; path = MoviesListInteractor.swift; sourceTree = "<group>"; };
		870730662B9B6D75002D5E1F /* MoviesListRepository.swift */ = {isa = PBXFileReference; lastKnownFileType = sourcecode.swift; path = MoviesListRepository.swift; sourceTree = "<group>"; };
		870730692B9B6DBC002D5E1F /* DatabaseProtocol.swift */ = {isa = PBXFileReference; lastKnownFileType = sourcecode.swift; path = DatabaseProtocol.swift; sourceTree = "<group>"; };
		8707306B2B9B7060002D5E1F /* CoreDataManager.swift */ = {isa = PBXFileReference; lastKnownFileType = sourcecode.swift; path = CoreDataManager.swift; sourceTree = "<group>"; };
		8707306D2B9B7171002D5E1F /* PopularMovieCellView.swift */ = {isa = PBXFileReference; lastKnownFileType = sourcecode.swift; path = PopularMovieCellView.swift; sourceTree = "<group>"; };
		870730722B9B9239002D5E1F /* MovieDetailsInteractor.swift */ = {isa = PBXFileReference; lastKnownFileType = sourcecode.swift; path = MovieDetailsInteractor.swift; sourceTree = "<group>"; };
		870730742B9B9242002D5E1F /* MovieDetailsRepository.swift */ = {isa = PBXFileReference; lastKnownFileType = sourcecode.swift; path = MovieDetailsRepository.swift; sourceTree = "<group>"; };
		870730762B9B93DD002D5E1F /* ErrorView.swift */ = {isa = PBXFileReference; lastKnownFileType = sourcecode.swift; path = ErrorView.swift; sourceTree = "<group>"; };
		8707307E2B9C9011002D5E1F /* Double.swift */ = {isa = PBXFileReference; lastKnownFileType = sourcecode.swift; path = Double.swift; sourceTree = "<group>"; };
		870730812B9C91BB002D5E1F /* CacheAsyncImage.swift */ = {isa = PBXFileReference; lastKnownFileType = sourcecode.swift; path = CacheAsyncImage.swift; sourceTree = "<group>"; };
		870730862B9CA9CB002D5E1F /* ProductComapnyView.swift */ = {isa = PBXFileReference; lastKnownFileType = sourcecode.swift; path = ProductComapnyView.swift; sourceTree = "<group>"; };
		8798C3512B9CDA43005597D0 /* TMDB.xcdatamodel */ = {isa = PBXFileReference; lastKnownFileType = wrapper.xcdatamodel; path = TMDB.xcdatamodel; sourceTree = "<group>"; };
		8798C3662B9CEFE4005597D0 /* Movie+CoreDataClass.swift */ = {isa = PBXFileReference; lastKnownFileType = sourcecode.swift; path = "Movie+CoreDataClass.swift"; sourceTree = "<group>"; };
		8798C3672B9CEFE4005597D0 /* Movie+CoreDataProperties.swift */ = {isa = PBXFileReference; lastKnownFileType = sourcecode.swift; path = "Movie+CoreDataProperties.swift"; sourceTree = "<group>"; };
		8798C3682B9CEFE4005597D0 /* MovieDetailsResponse+CoreDataClass.swift */ = {isa = PBXFileReference; lastKnownFileType = sourcecode.swift; path = "MovieDetailsResponse+CoreDataClass.swift"; sourceTree = "<group>"; };
		8798C3692B9CEFE4005597D0 /* MovieDetailsResponse+CoreDataProperties.swift */ = {isa = PBXFileReference; lastKnownFileType = sourcecode.swift; path = "MovieDetailsResponse+CoreDataProperties.swift"; sourceTree = "<group>"; };
		8798C36A2B9CEFE4005597D0 /* ProductionCompany+CoreDataClass.swift */ = {isa = PBXFileReference; lastKnownFileType = sourcecode.swift; path = "ProductionCompany+CoreDataClass.swift"; sourceTree = "<group>"; };
		8798C36B2B9CEFE4005597D0 /* ProductionCompany+CoreDataProperties.swift */ = {isa = PBXFileReference; lastKnownFileType = sourcecode.swift; path = "ProductionCompany+CoreDataProperties.swift"; sourceTree = "<group>"; };
		8798C36C2B9CEFE4005597D0 /* PopularMovieResponse+CoreDataClass.swift */ = {isa = PBXFileReference; lastKnownFileType = sourcecode.swift; path = "PopularMovieResponse+CoreDataClass.swift"; sourceTree = "<group>"; };
		8798C36D2B9CEFE4005597D0 /* PopularMovieResponse+CoreDataProperties.swift */ = {isa = PBXFileReference; lastKnownFileType = sourcecode.swift; path = "PopularMovieResponse+CoreDataProperties.swift"; sourceTree = "<group>"; };
		8798C3772B9D0F20005597D0 /* NetworkErrors.swift */ = {isa = PBXFileReference; lastKnownFileType = sourcecode.swift; path = NetworkErrors.swift; sourceTree = "<group>"; };
		8798C3792B9D0F3A005597D0 /* LocalizedNetworkErrors.swift */ = {isa = PBXFileReference; lastKnownFileType = sourcecode.swift; path = LocalizedNetworkErrors.swift; sourceTree = "<group>"; };
		8798C37B2B9D14E8005597D0 /* LocalizedFetchingErrors.swift */ = {isa = PBXFileReference; lastKnownFileType = sourcecode.swift; path = LocalizedFetchingErrors.swift; sourceTree = "<group>"; };
		8798C37D2B9D288C005597D0 /* NetworkMonitor.swift */ = {isa = PBXFileReference; lastKnownFileType = sourcecode.swift; path = NetworkMonitor.swift; sourceTree = "<group>"; };
		8798C3832B9DC767005597D0 /* TMDB-SwiftUITests.xctest */ = {isa = PBXFileReference; explicitFileType = wrapper.cfbundle; includeInIndex = 0; path = "TMDB-SwiftUITests.xctest"; sourceTree = BUILT_PRODUCTS_DIR; };
		8798C38E2B9DC789005597D0 /* NetworkServiceTests.swift */ = {isa = PBXFileReference; lastKnownFileType = sourcecode.swift; path = NetworkServiceTests.swift; sourceTree = "<group>"; };
		8798C3912B9DCBAA005597D0 /* MockedNetworkService.swift */ = {isa = PBXFileReference; lastKnownFileType = sourcecode.swift; path = MockedNetworkService.swift; sourceTree = "<group>"; };
		8798C3932B9DCBDC005597D0 /* TestEndpoint.swift */ = {isa = PBXFileReference; lastKnownFileType = sourcecode.swift; path = TestEndpoint.swift; sourceTree = "<group>"; };
		8798C3952B9DCC67005597D0 /* MockedResponse.swift */ = {isa = PBXFileReference; lastKnownFileType = sourcecode.swift; path = MockedResponse.swift; sourceTree = "<group>"; };
		8798C39B2B9DCE39005597D0 /* DatabaseServiceTests.swift */ = {isa = PBXFileReference; lastKnownFileType = sourcecode.swift; path = DatabaseServiceTests.swift; sourceTree = "<group>"; };
		8798C39D2B9DCE53005597D0 /* MockedDatabaseManager.swift */ = {isa = PBXFileReference; lastKnownFileType = sourcecode.swift; path = MockedDatabaseManager.swift; sourceTree = "<group>"; };
/* End PBXFileReference section */

/* Begin PBXFrameworksBuildPhase section */
		870730222B9B556A002D5E1F /* Frameworks */ = {
			isa = PBXFrameworksBuildPhase;
			buildActionMask = 2147483647;
			files = (
				870730402B9B565F002D5E1F /* Alamofire in Frameworks */,
				870730892B9CCC2B002D5E1F /* Reachability in Frameworks */,
				870730852B9CA13F002D5E1F /* Reachability in Frameworks */,
				870730422B9B565F002D5E1F /* AlamofireDynamic in Frameworks */,
			);
			runOnlyForDeploymentPostprocessing = 0;
		};
		8798C3802B9DC767005597D0 /* Frameworks */ = {
			isa = PBXFrameworksBuildPhase;
			buildActionMask = 2147483647;
			files = (
			);
			runOnlyForDeploymentPostprocessing = 0;
		};
/* End PBXFrameworksBuildPhase section */

/* Begin PBXGroup section */
		8707301C2B9B556A002D5E1F = {
			isa = PBXGroup;
			children = (
				870730272B9B556A002D5E1F /* TMDB-SwiftUI */,
				8798C3842B9DC767005597D0 /* TMDB-SwiftUITests */,
				870730262B9B556A002D5E1F /* Products */,
			);
			sourceTree = "<group>";
		};
		870730262B9B556A002D5E1F /* Products */ = {
			isa = PBXGroup;
			children = (
				870730252B9B556A002D5E1F /* TMDB-SwiftUI.app */,
				8798C3832B9DC767005597D0 /* TMDB-SwiftUITests.xctest */,
			);
			name = Products;
			sourceTree = "<group>";
		};
		870730272B9B556A002D5E1F /* TMDB-SwiftUI */ = {
			isa = PBXGroup;
			children = (
				8798C3762B9D0F0E005597D0 /* Helpers */,
				8707307D2B9C8FFD002D5E1F /* Extensions */,
				8707305F2B9B5F79002D5E1F /* Responses */,
				870730392B9B5590002D5E1F /* Utilities */,
				870730372B9B5573002D5E1F /* Core */,
				870730362B9B5570002D5E1F /* Services */,
				870730432B9B5668002D5E1F /* Scenes */,
				8707302C2B9B556B002D5E1F /* Assets.xcassets */,
				8707302E2B9B556B002D5E1F /* Preview Content */,
			);
			path = "TMDB-SwiftUI";
			sourceTree = "<group>";
		};
		8707302E2B9B556B002D5E1F /* Preview Content */ = {
			isa = PBXGroup;
			children = (
				8707302F2B9B556B002D5E1F /* Preview Assets.xcassets */,
			);
			path = "Preview Content";
			sourceTree = "<group>";
		};
		870730362B9B5570002D5E1F /* Services */ = {
			isa = PBXGroup;
			children = (
				870730682B9B6DA5002D5E1F /* Database */,
				870730382B9B5582002D5E1F /* Network */,
			);
			path = Services;
			sourceTree = "<group>";
		};
		870730372B9B5573002D5E1F /* Core */ = {
			isa = PBXGroup;
			children = (
				870730282B9B556A002D5E1F /* TMDB_SwiftUIApp.swift */,
			);
			path = Core;
			sourceTree = "<group>";
		};
		870730382B9B5582002D5E1F /* Network */ = {
			isa = PBXGroup;
			children = (
				870730572B9B5C3A002D5E1F /* Endpoints */,
				870730492B9B576D002D5E1F /* Protocols */,
				8707304C2B9B57B9002D5E1F /* AlamofireNetworkManager.swift */,
			);
			path = Network;
			sourceTree = "<group>";
		};
		870730392B9B5590002D5E1F /* Utilities */ = {
			isa = PBXGroup;
			children = (
				8707303A2B9B55A3002D5E1F /* AppConstants.swift */,
				8707303C2B9B55B9002D5E1F /* AppStrings.swift */,
				870730452B9B56C9002D5E1F /* APIConstants.swift */,
			);
			path = Utilities;
			sourceTree = "<group>";
		};
		870730432B9B5668002D5E1F /* Scenes */ = {
			isa = PBXGroup;
			children = (
				870730442B9B566D002D5E1F /* CommonViews */,
				8707304E2B9B589B002D5E1F /* MoviesList */,
				8707304F2B9B58A2002D5E1F /* MovieDetails */,
			);
			path = Scenes;
			sourceTree = "<group>";
		};
		870730442B9B566D002D5E1F /* CommonViews */ = {
			isa = PBXGroup;
			children = (
				8707306D2B9B7171002D5E1F /* PopularMovieCellView.swift */,
				870730862B9CA9CB002D5E1F /* ProductComapnyView.swift */,
				870730812B9C91BB002D5E1F /* CacheAsyncImage.swift */,
				870730762B9B93DD002D5E1F /* ErrorView.swift */,
			);
			path = CommonViews;
			sourceTree = "<group>";
		};
		870730492B9B576D002D5E1F /* Protocols */ = {
			isa = PBXGroup;
			children = (
				870730472B9B5742002D5E1F /* NetworkServiceProtocol.swift */,
				8707304A2B9B5787002D5E1F /* Endpoint.swift */,
			);
			path = Protocols;
			sourceTree = "<group>";
		};
		8707304E2B9B589B002D5E1F /* MoviesList */ = {
			isa = PBXGroup;
			children = (
				8707302A2B9B556A002D5E1F /* MoviesListViews.swift */,
				870730522B9B58D4002D5E1F /* MoviesListViewModel.swift */,
				870730642B9B6D33002D5E1F /* MoviesListInteractor.swift */,
				870730662B9B6D75002D5E1F /* MoviesListRepository.swift */,
			);
			path = MoviesList;
			sourceTree = "<group>";
		};
		8707304F2B9B58A2002D5E1F /* MovieDetails */ = {
			isa = PBXGroup;
			children = (
				870730502B9B58C8002D5E1F /* MovieDetailsView.swift */,
				870730542B9B58D9002D5E1F /* MovieDetailsViewModel.swift */,
				870730722B9B9239002D5E1F /* MovieDetailsInteractor.swift */,
				870730742B9B9242002D5E1F /* MovieDetailsRepository.swift */,
			);
			path = MovieDetails;
			sourceTree = "<group>";
		};
		870730572B9B5C3A002D5E1F /* Endpoints */ = {
			isa = PBXGroup;
			children = (
				870730582B9B5C47002D5E1F /* MoviesEndpoint.swift */,
			);
			path = Endpoints;
			sourceTree = "<group>";
		};
		8707305F2B9B5F79002D5E1F /* Responses */ = {
			isa = PBXGroup;
			children = (
				870730602B9B5F8A002D5E1F /* PopularMovieResponse.swift */,
				870730622B9B606B002D5E1F /* MovieDetailsResponse.swift */,
			);
			path = Responses;
			sourceTree = "<group>";
		};
		870730682B9B6DA5002D5E1F /* Database */ = {
			isa = PBXGroup;
			children = (
				8798C3532B9CDBE5005597D0 /* Models */,
				870730692B9B6DBC002D5E1F /* DatabaseProtocol.swift */,
				8707306B2B9B7060002D5E1F /* CoreDataManager.swift */,
				8798C3502B9CDA43005597D0 /* TMDB.xcdatamodeld */,
			);
			path = Database;
			sourceTree = "<group>";
		};
		8707307D2B9C8FFD002D5E1F /* Extensions */ = {
			isa = PBXGroup;
			children = (
				8707307E2B9C9011002D5E1F /* Double.swift */,
			);
			path = Extensions;
			sourceTree = "<group>";
		};
		8798C3532B9CDBE5005597D0 /* Models */ = {
			isa = PBXGroup;
			children = (
				8798C3662B9CEFE4005597D0 /* Movie+CoreDataClass.swift */,
				8798C3672B9CEFE4005597D0 /* Movie+CoreDataProperties.swift */,
				8798C3682B9CEFE4005597D0 /* MovieDetailsResponse+CoreDataClass.swift */,
				8798C3692B9CEFE4005597D0 /* MovieDetailsResponse+CoreDataProperties.swift */,
				8798C36A2B9CEFE4005597D0 /* ProductionCompany+CoreDataClass.swift */,
				8798C36B2B9CEFE4005597D0 /* ProductionCompany+CoreDataProperties.swift */,
				8798C36C2B9CEFE4005597D0 /* PopularMovieResponse+CoreDataClass.swift */,
				8798C36D2B9CEFE4005597D0 /* PopularMovieResponse+CoreDataProperties.swift */,
			);
			path = Models;
			sourceTree = "<group>";
		};
		8798C3762B9D0F0E005597D0 /* Helpers */ = {
			isa = PBXGroup;
			children = (
				8798C3772B9D0F20005597D0 /* NetworkErrors.swift */,
				8798C3792B9D0F3A005597D0 /* LocalizedNetworkErrors.swift */,
				8798C37B2B9D14E8005597D0 /* LocalizedFetchingErrors.swift */,
				8798C37D2B9D288C005597D0 /* NetworkMonitor.swift */,
			);
			path = Helpers;
			sourceTree = "<group>";
		};
		8798C3842B9DC767005597D0 /* TMDB-SwiftUITests */ = {
			isa = PBXGroup;
			children = (
				8798C3902B9DCB9E005597D0 /* MockedServices */,
				8798C38D2B9DC772005597D0 /* Services */,
			);
			path = "TMDB-SwiftUITests";
			sourceTree = "<group>";
		};
		8798C38D2B9DC772005597D0 /* Services */ = {
			isa = PBXGroup;
			children = (
				8798C38E2B9DC789005597D0 /* NetworkServiceTests.swift */,
				8798C39B2B9DCE39005597D0 /* DatabaseServiceTests.swift */,
			);
			path = Services;
			sourceTree = "<group>";
		};
		8798C3902B9DCB9E005597D0 /* MockedServices */ = {
			isa = PBXGroup;
			children = (
				8798C3982B9DCE19005597D0 /* Database */,
				8798C3972B9DCE0F005597D0 /* Network */,
			);
			path = MockedServices;
			sourceTree = "<group>";
		};
		8798C3972B9DCE0F005597D0 /* Network */ = {
			isa = PBXGroup;
			children = (
				8798C3912B9DCBAA005597D0 /* MockedNetworkService.swift */,
				8798C3932B9DCBDC005597D0 /* TestEndpoint.swift */,
				8798C3952B9DCC67005597D0 /* MockedResponse.swift */,
			);
			path = Network;
			sourceTree = "<group>";
		};
		8798C3982B9DCE19005597D0 /* Database */ = {
			isa = PBXGroup;
			children = (
				8798C39D2B9DCE53005597D0 /* MockedDatabaseManager.swift */,
			);
			path = Database;
			sourceTree = "<group>";
		};
/* End PBXGroup section */

/* Begin PBXNativeTarget section */
		870730242B9B556A002D5E1F /* TMDB-SwiftUI */ = {
			isa = PBXNativeTarget;
			buildConfigurationList = 870730332B9B556B002D5E1F /* Build configuration list for PBXNativeTarget "TMDB-SwiftUI" */;
			buildPhases = (
				870730212B9B556A002D5E1F /* Sources */,
				870730222B9B556A002D5E1F /* Frameworks */,
				870730232B9B556A002D5E1F /* Resources */,
			);
			buildRules = (
			);
			dependencies = (
			);
			name = "TMDB-SwiftUI";
			packageProductDependencies = (
				8707303F2B9B565F002D5E1F /* Alamofire */,
				870730412B9B565F002D5E1F /* AlamofireDynamic */,
				870730842B9CA13F002D5E1F /* Reachability */,
				870730882B9CCC2B002D5E1F /* Reachability */,
			);
			productName = "TMDB-SwiftUI";
			productReference = 870730252B9B556A002D5E1F /* TMDB-SwiftUI.app */;
			productType = "com.apple.product-type.application";
		};
		8798C3822B9DC767005597D0 /* TMDB-SwiftUITests */ = {
			isa = PBXNativeTarget;
			buildConfigurationList = 8798C3892B9DC767005597D0 /* Build configuration list for PBXNativeTarget "TMDB-SwiftUITests" */;
			buildPhases = (
				8798C37F2B9DC767005597D0 /* Sources */,
				8798C3802B9DC767005597D0 /* Frameworks */,
				8798C3812B9DC767005597D0 /* Resources */,
			);
			buildRules = (
			);
			dependencies = (
				8798C3882B9DC767005597D0 /* PBXTargetDependency */,
			);
			name = "TMDB-SwiftUITests";
			productName = "TMDB-SwiftUITests";
			productReference = 8798C3832B9DC767005597D0 /* TMDB-SwiftUITests.xctest */;
			productType = "com.apple.product-type.bundle.unit-test";
		};
/* End PBXNativeTarget section */

/* Begin PBXProject section */
		8707301D2B9B556A002D5E1F /* Project object */ = {
			isa = PBXProject;
			attributes = {
				BuildIndependentTargetsInParallel = 1;
				LastSwiftUpdateCheck = 1520;
				LastUpgradeCheck = 1520;
				TargetAttributes = {
					870730242B9B556A002D5E1F = {
						CreatedOnToolsVersion = 15.2;
					};
					8798C3822B9DC767005597D0 = {
						CreatedOnToolsVersion = 15.2;
						TestTargetID = 870730242B9B556A002D5E1F;
					};
				};
			};
			buildConfigurationList = 870730202B9B556A002D5E1F /* Build configuration list for PBXProject "TMDB-SwiftUI" */;
			compatibilityVersion = "Xcode 14.0";
			developmentRegion = en;
			hasScannedForEncodings = 0;
			knownRegions = (
				en,
				Base,
			);
			mainGroup = 8707301C2B9B556A002D5E1F;
			packageReferences = (
				8707303E2B9B565F002D5E1F /* XCRemoteSwiftPackageReference "Alamofire" */,
				870730832B9CA13F002D5E1F /* XCRemoteSwiftPackageReference "Reachability" */,
			);
			productRefGroup = 870730262B9B556A002D5E1F /* Products */;
			projectDirPath = "";
			projectRoot = "";
			targets = (
				870730242B9B556A002D5E1F /* TMDB-SwiftUI */,
				8798C3822B9DC767005597D0 /* TMDB-SwiftUITests */,
			);
		};
/* End PBXProject section */

/* Begin PBXResourcesBuildPhase section */
		870730232B9B556A002D5E1F /* Resources */ = {
			isa = PBXResourcesBuildPhase;
			buildActionMask = 2147483647;
			files = (
				870730302B9B556B002D5E1F /* Preview Assets.xcassets in Resources */,
				8707302D2B9B556B002D5E1F /* Assets.xcassets in Resources */,
			);
			runOnlyForDeploymentPostprocessing = 0;
		};
		8798C3812B9DC767005597D0 /* Resources */ = {
			isa = PBXResourcesBuildPhase;
			buildActionMask = 2147483647;
			files = (
			);
			runOnlyForDeploymentPostprocessing = 0;
		};
/* End PBXResourcesBuildPhase section */

/* Begin PBXSourcesBuildPhase section */
		870730212B9B556A002D5E1F /* Sources */ = {
			isa = PBXSourcesBuildPhase;
			buildActionMask = 2147483647;
			files = (
				8798C3712B9CEFE4005597D0 /* MovieDetailsResponse+CoreDataProperties.swift in Sources */,
				8707304B2B9B5787002D5E1F /* Endpoint.swift in Sources */,
				8707302B2B9B556A002D5E1F /* MoviesListViews.swift in Sources */,
				8707303B2B9B55A3002D5E1F /* AppConstants.swift in Sources */,
				8707303D2B9B55B9002D5E1F /* AppStrings.swift in Sources */,
				870730732B9B9239002D5E1F /* MovieDetailsInteractor.swift in Sources */,
				870730672B9B6D75002D5E1F /* MoviesListRepository.swift in Sources */,
				870730652B9B6D33002D5E1F /* MoviesListInteractor.swift in Sources */,
				870730612B9B5F8A002D5E1F /* PopularMovieResponse.swift in Sources */,
				870730462B9B56C9002D5E1F /* APIConstants.swift in Sources */,
				8707306C2B9B7060002D5E1F /* CoreDataManager.swift in Sources */,
				870730822B9C91BB002D5E1F /* CacheAsyncImage.swift in Sources */,
				870730552B9B58D9002D5E1F /* MovieDetailsViewModel.swift in Sources */,
				8798C36F2B9CEFE4005597D0 /* Movie+CoreDataProperties.swift in Sources */,
				8798C3522B9CDA43005597D0 /* TMDB.xcdatamodeld in Sources */,
				8707307F2B9C9011002D5E1F /* Double.swift in Sources */,
				870730532B9B58D4002D5E1F /* MoviesListViewModel.swift in Sources */,
				8798C3782B9D0F20005597D0 /* NetworkErrors.swift in Sources */,
				870730752B9B9242002D5E1F /* MovieDetailsRepository.swift in Sources */,
				870730632B9B606B002D5E1F /* MovieDetailsResponse.swift in Sources */,
				8707304D2B9B57B9002D5E1F /* AlamofireNetworkManager.swift in Sources */,
				8798C3702B9CEFE4005597D0 /* MovieDetailsResponse+CoreDataClass.swift in Sources */,
				8798C3742B9CEFE4005597D0 /* PopularMovieResponse+CoreDataClass.swift in Sources */,
				870730872B9CA9CB002D5E1F /* ProductComapnyView.swift in Sources */,
				8798C3722B9CEFE4005597D0 /* ProductionCompany+CoreDataClass.swift in Sources */,
				870730512B9B58C8002D5E1F /* MovieDetailsView.swift in Sources */,
				870730482B9B5742002D5E1F /* NetworkServiceProtocol.swift in Sources */,
				8707306A2B9B6DBC002D5E1F /* DatabaseProtocol.swift in Sources */,
				8798C36E2B9CEFE4005597D0 /* Movie+CoreDataClass.swift in Sources */,
				870730292B9B556A002D5E1F /* TMDB_SwiftUIApp.swift in Sources */,
				8798C3752B9CEFE4005597D0 /* PopularMovieResponse+CoreDataProperties.swift in Sources */,
				870730592B9B5C47002D5E1F /* MoviesEndpoint.swift in Sources */,
				8707306E2B9B7171002D5E1F /* PopularMovieCellView.swift in Sources */,
				8798C37C2B9D14E8005597D0 /* LocalizedFetchingErrors.swift in Sources */,
				8798C37A2B9D0F3A005597D0 /* LocalizedNetworkErrors.swift in Sources */,
				8798C37E2B9D288C005597D0 /* NetworkMonitor.swift in Sources */,
				8798C3732B9CEFE4005597D0 /* ProductionCompany+CoreDataProperties.swift in Sources */,
				870730772B9B93DD002D5E1F /* ErrorView.swift in Sources */,
			);
			runOnlyForDeploymentPostprocessing = 0;
		};
		8798C37F2B9DC767005597D0 /* Sources */ = {
			isa = PBXSourcesBuildPhase;
			buildActionMask = 2147483647;
			files = (
				8798C38F2B9DC789005597D0 /* NetworkServiceTests.swift in Sources */,
				8798C3962B9DCC67005597D0 /* MockedResponse.swift in Sources */,
				8798C39C2B9DCE39005597D0 /* DatabaseServiceTests.swift in Sources */,
				8798C3942B9DCBDC005597D0 /* TestEndpoint.swift in Sources */,
				8798C3922B9DCBAA005597D0 /* MockedNetworkService.swift in Sources */,
				8798C39E2B9DCE53005597D0 /* MockedDatabaseManager.swift in Sources */,
			);
			runOnlyForDeploymentPostprocessing = 0;
		};
/* End PBXSourcesBuildPhase section */

/* Begin PBXTargetDependency section */
		8798C3882B9DC767005597D0 /* PBXTargetDependency */ = {
			isa = PBXTargetDependency;
			target = 870730242B9B556A002D5E1F /* TMDB-SwiftUI */;
			targetProxy = 8798C3872B9DC767005597D0 /* PBXContainerItemProxy */;
		};
/* End PBXTargetDependency section */

/* Begin XCBuildConfiguration section */
		870730312B9B556B002D5E1F /* Debug */ = {
			isa = XCBuildConfiguration;
			buildSettings = {
				ALWAYS_SEARCH_USER_PATHS = NO;
				ASSETCATALOG_COMPILER_GENERATE_SWIFT_ASSET_SYMBOL_EXTENSIONS = YES;
				CLANG_ANALYZER_NONNULL = YES;
				CLANG_ANALYZER_NUMBER_OBJECT_CONVERSION = YES_AGGRESSIVE;
				CLANG_CXX_LANGUAGE_STANDARD = "gnu++20";
				CLANG_ENABLE_MODULES = YES;
				CLANG_ENABLE_OBJC_ARC = YES;
				CLANG_ENABLE_OBJC_WEAK = YES;
				CLANG_WARN_BLOCK_CAPTURE_AUTORELEASING = YES;
				CLANG_WARN_BOOL_CONVERSION = YES;
				CLANG_WARN_COMMA = YES;
				CLANG_WARN_CONSTANT_CONVERSION = YES;
				CLANG_WARN_DEPRECATED_OBJC_IMPLEMENTATIONS = YES;
				CLANG_WARN_DIRECT_OBJC_ISA_USAGE = YES_ERROR;
				CLANG_WARN_DOCUMENTATION_COMMENTS = YES;
				CLANG_WARN_EMPTY_BODY = YES;
				CLANG_WARN_ENUM_CONVERSION = YES;
				CLANG_WARN_INFINITE_RECURSION = YES;
				CLANG_WARN_INT_CONVERSION = YES;
				CLANG_WARN_NON_LITERAL_NULL_CONVERSION = YES;
				CLANG_WARN_OBJC_IMPLICIT_RETAIN_SELF = YES;
				CLANG_WARN_OBJC_LITERAL_CONVERSION = YES;
				CLANG_WARN_OBJC_ROOT_CLASS = YES_ERROR;
				CLANG_WARN_QUOTED_INCLUDE_IN_FRAMEWORK_HEADER = YES;
				CLANG_WARN_RANGE_LOOP_ANALYSIS = YES;
				CLANG_WARN_STRICT_PROTOTYPES = YES;
				CLANG_WARN_SUSPICIOUS_MOVE = YES;
				CLANG_WARN_UNGUARDED_AVAILABILITY = YES_AGGRESSIVE;
				CLANG_WARN_UNREACHABLE_CODE = YES;
				CLANG_WARN__DUPLICATE_METHOD_MATCH = YES;
				COPY_PHASE_STRIP = NO;
				DEBUG_INFORMATION_FORMAT = dwarf;
				ENABLE_STRICT_OBJC_MSGSEND = YES;
				ENABLE_TESTABILITY = YES;
				ENABLE_USER_SCRIPT_SANDBOXING = YES;
				GCC_C_LANGUAGE_STANDARD = gnu17;
				GCC_DYNAMIC_NO_PIC = NO;
				GCC_NO_COMMON_BLOCKS = YES;
				GCC_OPTIMIZATION_LEVEL = 0;
				GCC_PREPROCESSOR_DEFINITIONS = (
					"DEBUG=1",
					"$(inherited)",
				);
				GCC_WARN_64_TO_32_BIT_CONVERSION = YES;
				GCC_WARN_ABOUT_RETURN_TYPE = YES_ERROR;
				GCC_WARN_UNDECLARED_SELECTOR = YES;
				GCC_WARN_UNINITIALIZED_AUTOS = YES_AGGRESSIVE;
				GCC_WARN_UNUSED_FUNCTION = YES;
				GCC_WARN_UNUSED_VARIABLE = YES;
				IPHONEOS_DEPLOYMENT_TARGET = 17.2;
				LOCALIZATION_PREFERS_STRING_CATALOGS = YES;
				MTL_ENABLE_DEBUG_INFO = INCLUDE_SOURCE;
				MTL_FAST_MATH = YES;
				ONLY_ACTIVE_ARCH = YES;
				SDKROOT = iphoneos;
				SWIFT_ACTIVE_COMPILATION_CONDITIONS = "DEBUG $(inherited)";
				SWIFT_OPTIMIZATION_LEVEL = "-Onone";
			};
			name = Debug;
		};
		870730322B9B556B002D5E1F /* Release */ = {
			isa = XCBuildConfiguration;
			buildSettings = {
				ALWAYS_SEARCH_USER_PATHS = NO;
				ASSETCATALOG_COMPILER_GENERATE_SWIFT_ASSET_SYMBOL_EXTENSIONS = YES;
				CLANG_ANALYZER_NONNULL = YES;
				CLANG_ANALYZER_NUMBER_OBJECT_CONVERSION = YES_AGGRESSIVE;
				CLANG_CXX_LANGUAGE_STANDARD = "gnu++20";
				CLANG_ENABLE_MODULES = YES;
				CLANG_ENABLE_OBJC_ARC = YES;
				CLANG_ENABLE_OBJC_WEAK = YES;
				CLANG_WARN_BLOCK_CAPTURE_AUTORELEASING = YES;
				CLANG_WARN_BOOL_CONVERSION = YES;
				CLANG_WARN_COMMA = YES;
				CLANG_WARN_CONSTANT_CONVERSION = YES;
				CLANG_WARN_DEPRECATED_OBJC_IMPLEMENTATIONS = YES;
				CLANG_WARN_DIRECT_OBJC_ISA_USAGE = YES_ERROR;
				CLANG_WARN_DOCUMENTATION_COMMENTS = YES;
				CLANG_WARN_EMPTY_BODY = YES;
				CLANG_WARN_ENUM_CONVERSION = YES;
				CLANG_WARN_INFINITE_RECURSION = YES;
				CLANG_WARN_INT_CONVERSION = YES;
				CLANG_WARN_NON_LITERAL_NULL_CONVERSION = YES;
				CLANG_WARN_OBJC_IMPLICIT_RETAIN_SELF = YES;
				CLANG_WARN_OBJC_LITERAL_CONVERSION = YES;
				CLANG_WARN_OBJC_ROOT_CLASS = YES_ERROR;
				CLANG_WARN_QUOTED_INCLUDE_IN_FRAMEWORK_HEADER = YES;
				CLANG_WARN_RANGE_LOOP_ANALYSIS = YES;
				CLANG_WARN_STRICT_PROTOTYPES = YES;
				CLANG_WARN_SUSPICIOUS_MOVE = YES;
				CLANG_WARN_UNGUARDED_AVAILABILITY = YES_AGGRESSIVE;
				CLANG_WARN_UNREACHABLE_CODE = YES;
				CLANG_WARN__DUPLICATE_METHOD_MATCH = YES;
				COPY_PHASE_STRIP = NO;
				DEBUG_INFORMATION_FORMAT = "dwarf-with-dsym";
				ENABLE_NS_ASSERTIONS = NO;
				ENABLE_STRICT_OBJC_MSGSEND = YES;
				ENABLE_USER_SCRIPT_SANDBOXING = YES;
				GCC_C_LANGUAGE_STANDARD = gnu17;
				GCC_NO_COMMON_BLOCKS = YES;
				GCC_WARN_64_TO_32_BIT_CONVERSION = YES;
				GCC_WARN_ABOUT_RETURN_TYPE = YES_ERROR;
				GCC_WARN_UNDECLARED_SELECTOR = YES;
				GCC_WARN_UNINITIALIZED_AUTOS = YES_AGGRESSIVE;
				GCC_WARN_UNUSED_FUNCTION = YES;
				GCC_WARN_UNUSED_VARIABLE = YES;
				IPHONEOS_DEPLOYMENT_TARGET = 17.2;
				LOCALIZATION_PREFERS_STRING_CATALOGS = YES;
				MTL_ENABLE_DEBUG_INFO = NO;
				MTL_FAST_MATH = YES;
				SDKROOT = iphoneos;
				SWIFT_COMPILATION_MODE = wholemodule;
				VALIDATE_PRODUCT = YES;
			};
			name = Release;
		};
		870730342B9B556B002D5E1F /* Debug */ = {
			isa = XCBuildConfiguration;
			buildSettings = {
				ASSETCATALOG_COMPILER_APPICON_NAME = AppIcon;
				ASSETCATALOG_COMPILER_GLOBAL_ACCENT_COLOR_NAME = AccentColor;
				CODE_SIGN_STYLE = Automatic;
				CURRENT_PROJECT_VERSION = 1;
				DEVELOPMENT_ASSET_PATHS = "\"TMDB-SwiftUI/Preview Content\"";
				DEVELOPMENT_TEAM = NF6L68DRU6;
				ENABLE_PREVIEWS = YES;
				GENERATE_INFOPLIST_FILE = YES;
				INFOPLIST_KEY_UIApplicationSceneManifest_Generation = YES;
				INFOPLIST_KEY_UIApplicationSupportsIndirectInputEvents = YES;
				INFOPLIST_KEY_UILaunchScreen_Generation = YES;
				INFOPLIST_KEY_UISupportedInterfaceOrientations_iPad = "UIInterfaceOrientationPortrait UIInterfaceOrientationPortraitUpsideDown UIInterfaceOrientationLandscapeLeft UIInterfaceOrientationLandscapeRight";
				INFOPLIST_KEY_UISupportedInterfaceOrientations_iPhone = "UIInterfaceOrientationPortrait UIInterfaceOrientationLandscapeLeft UIInterfaceOrientationLandscapeRight";
				LD_RUNPATH_SEARCH_PATHS = (
					"$(inherited)",
					"@executable_path/Frameworks",
				);
				MARKETING_VERSION = 1.0;
				PRODUCT_BUNDLE_IDENTIFIER = "com.iNoor.TMDB-SwiftUI";
				PRODUCT_NAME = "$(TARGET_NAME)";
				SWIFT_EMIT_LOC_STRINGS = YES;
				SWIFT_VERSION = 5.0;
				TARGETED_DEVICE_FAMILY = "1,2";
			};
			name = Debug;
		};
		870730352B9B556B002D5E1F /* Release */ = {
			isa = XCBuildConfiguration;
			buildSettings = {
				ASSETCATALOG_COMPILER_APPICON_NAME = AppIcon;
				ASSETCATALOG_COMPILER_GLOBAL_ACCENT_COLOR_NAME = AccentColor;
				CODE_SIGN_STYLE = Automatic;
				CURRENT_PROJECT_VERSION = 1;
				DEVELOPMENT_ASSET_PATHS = "\"TMDB-SwiftUI/Preview Content\"";
				DEVELOPMENT_TEAM = NF6L68DRU6;
				ENABLE_PREVIEWS = YES;
				GENERATE_INFOPLIST_FILE = YES;
				INFOPLIST_KEY_UIApplicationSceneManifest_Generation = YES;
				INFOPLIST_KEY_UIApplicationSupportsIndirectInputEvents = YES;
				INFOPLIST_KEY_UILaunchScreen_Generation = YES;
				INFOPLIST_KEY_UISupportedInterfaceOrientations_iPad = "UIInterfaceOrientationPortrait UIInterfaceOrientationPortraitUpsideDown UIInterfaceOrientationLandscapeLeft UIInterfaceOrientationLandscapeRight";
				INFOPLIST_KEY_UISupportedInterfaceOrientations_iPhone = "UIInterfaceOrientationPortrait UIInterfaceOrientationLandscapeLeft UIInterfaceOrientationLandscapeRight";
				LD_RUNPATH_SEARCH_PATHS = (
					"$(inherited)",
					"@executable_path/Frameworks",
				);
				MARKETING_VERSION = 1.0;
				PRODUCT_BUNDLE_IDENTIFIER = "com.iNoor.TMDB-SwiftUI";
				PRODUCT_NAME = "$(TARGET_NAME)";
				SWIFT_EMIT_LOC_STRINGS = YES;
				SWIFT_VERSION = 5.0;
				TARGETED_DEVICE_FAMILY = "1,2";
			};
			name = Release;
		};
		8798C38A2B9DC767005597D0 /* Debug */ = {
			isa = XCBuildConfiguration;
			buildSettings = {
				BUNDLE_LOADER = "$(TEST_HOST)";
				CODE_SIGN_STYLE = Automatic;
				CURRENT_PROJECT_VERSION = 1;
				DEVELOPMENT_TEAM = NF6L68DRU6;
				GENERATE_INFOPLIST_FILE = YES;
				MARKETING_VERSION = 1.0;
				PRODUCT_BUNDLE_IDENTIFIER = "com.iNoor.TMDB-SwiftUITests";
				PRODUCT_NAME = "$(TARGET_NAME)";
				SWIFT_EMIT_LOC_STRINGS = NO;
				SWIFT_VERSION = 5.0;
				TARGETED_DEVICE_FAMILY = "1,2";
				TEST_HOST = "$(BUILT_PRODUCTS_DIR)/TMDB-SwiftUI.app/$(BUNDLE_EXECUTABLE_FOLDER_PATH)/TMDB-SwiftUI";
			};
			name = Debug;
		};
		8798C38B2B9DC767005597D0 /* Release */ = {
			isa = XCBuildConfiguration;
			buildSettings = {
				BUNDLE_LOADER = "$(TEST_HOST)";
				CODE_SIGN_STYLE = Automatic;
				CURRENT_PROJECT_VERSION = 1;
				DEVELOPMENT_TEAM = NF6L68DRU6;
				GENERATE_INFOPLIST_FILE = YES;
				MARKETING_VERSION = 1.0;
				PRODUCT_BUNDLE_IDENTIFIER = "com.iNoor.TMDB-SwiftUITests";
				PRODUCT_NAME = "$(TARGET_NAME)";
				SWIFT_EMIT_LOC_STRINGS = NO;
				SWIFT_VERSION = 5.0;
				TARGETED_DEVICE_FAMILY = "1,2";
				TEST_HOST = "$(BUILT_PRODUCTS_DIR)/TMDB-SwiftUI.app/$(BUNDLE_EXECUTABLE_FOLDER_PATH)/TMDB-SwiftUI";
			};
			name = Release;
		};
/* End XCBuildConfiguration section */

/* Begin XCConfigurationList section */
		870730202B9B556A002D5E1F /* Build configuration list for PBXProject "TMDB-SwiftUI" */ = {
			isa = XCConfigurationList;
			buildConfigurations = (
				870730312B9B556B002D5E1F /* Debug */,
				870730322B9B556B002D5E1F /* Release */,
			);
			defaultConfigurationIsVisible = 0;
			defaultConfigurationName = Release;
		};
		870730332B9B556B002D5E1F /* Build configuration list for PBXNativeTarget "TMDB-SwiftUI" */ = {
			isa = XCConfigurationList;
			buildConfigurations = (
				870730342B9B556B002D5E1F /* Debug */,
				870730352B9B556B002D5E1F /* Release */,
			);
			defaultConfigurationIsVisible = 0;
			defaultConfigurationName = Release;
		};
		8798C3892B9DC767005597D0 /* Build configuration list for PBXNativeTarget "TMDB-SwiftUITests" */ = {
			isa = XCConfigurationList;
			buildConfigurations = (
				8798C38A2B9DC767005597D0 /* Debug */,
				8798C38B2B9DC767005597D0 /* Release */,
			);
			defaultConfigurationIsVisible = 0;
			defaultConfigurationName = Release;
		};
/* End XCConfigurationList section */

/* Begin XCRemoteSwiftPackageReference section */
		8707303E2B9B565F002D5E1F /* XCRemoteSwiftPackageReference "Alamofire" */ = {
			isa = XCRemoteSwiftPackageReference;
			repositoryURL = "https://github.com/Alamofire/Alamofire.git";
			requirement = {
				kind = upToNextMajorVersion;
				minimumVersion = 5.9.0;
			};
		};
		870730832B9CA13F002D5E1F /* XCRemoteSwiftPackageReference "Reachability" */ = {
			isa = XCRemoteSwiftPackageReference;
			repositoryURL = "https://github.com/tonymillion/Reachability";
			requirement = {
				branch = master;
				kind = branch;
			};
		};
/* End XCRemoteSwiftPackageReference section */

/* Begin XCSwiftPackageProductDependency section */
		8707303F2B9B565F002D5E1F /* Alamofire */ = {
			isa = XCSwiftPackageProductDependency;
			package = 8707303E2B9B565F002D5E1F /* XCRemoteSwiftPackageReference "Alamofire" */;
			productName = Alamofire;
		};
		870730412B9B565F002D5E1F /* AlamofireDynamic */ = {
			isa = XCSwiftPackageProductDependency;
			package = 8707303E2B9B565F002D5E1F /* XCRemoteSwiftPackageReference "Alamofire" */;
			productName = AlamofireDynamic;
		};
		870730842B9CA13F002D5E1F /* Reachability */ = {
			isa = XCSwiftPackageProductDependency;
			package = 870730832B9CA13F002D5E1F /* XCRemoteSwiftPackageReference "Reachability" */;
			productName = Reachability;
		};
		870730882B9CCC2B002D5E1F /* Reachability */ = {
			isa = XCSwiftPackageProductDependency;
			productName = Reachability;
		};
/* End XCSwiftPackageProductDependency section */

/* Begin XCVersionGroup section */
		8798C3502B9CDA43005597D0 /* TMDB.xcdatamodeld */ = {
			isa = XCVersionGroup;
			children = (
				8798C3512B9CDA43005597D0 /* TMDB.xcdatamodel */,
			);
			currentVersion = 8798C3512B9CDA43005597D0 /* TMDB.xcdatamodel */;
			path = TMDB.xcdatamodeld;
			sourceTree = "<group>";
			versionGroupType = wrapper.xcdatamodel;
		};
/* End XCVersionGroup section */
	};
	rootObject = 8707301D2B9B556A002D5E1F /* Project object */;
}
